// !$*UTF8*$!
{
	archiveVersion = 1;
	classes = {
	};
	objectVersion = 55;
	objects = {

/* Begin PBXBuildFile section */
		82511A2D2901729D00F79F2F /* SettingsViewController.swift in Sources */ = {isa = PBXBuildFile; fileRef = 82511A2C2901729D00F79F2F /* SettingsViewController.swift */; };
		82511A2F2907DF9700F79F2F /* MyAccountViewController.swift in Sources */ = {isa = PBXBuildFile; fileRef = 82511A2E2907DF9700F79F2F /* MyAccountViewController.swift */; };
		826D95952900243F00B6AB12 /* GoogleService-Info.plist in Resources */ = {isa = PBXBuildFile; fileRef = 826D95942900243F00B6AB12 /* GoogleService-Info.plist */; };
		ACD9D9EF349D3859DBA387B8 /* Pods_Homework1.framework in Frameworks */ = {isa = PBXBuildFile; fileRef = FFF072F118F12CAEA2F43513 /* Pods_Homework1.framework */; };
		CD37F71528EF9B050056EA2E /* OrderCell.swift in Sources */ = {isa = PBXBuildFile; fileRef = CD37F71328EF9B050056EA2E /* OrderCell.swift */; };
		CD37F71628EF9B050056EA2E /* OrderCell.xib in Resources */ = {isa = PBXBuildFile; fileRef = CD37F71428EF9B050056EA2E /* OrderCell.xib */; };
		CD5C268F28BFA060000598ED /* AppDelegate.swift in Sources */ = {isa = PBXBuildFile; fileRef = CD5C268E28BFA060000598ED /* AppDelegate.swift */; };
		CD5C269128BFA060000598ED /* SceneDelegate.swift in Sources */ = {isa = PBXBuildFile; fileRef = CD5C269028BFA060000598ED /* SceneDelegate.swift */; };
		CD5C269328BFA060000598ED /* ViewController.swift in Sources */ = {isa = PBXBuildFile; fileRef = CD5C269228BFA060000598ED /* ViewController.swift */; };
		CD5C269628BFA060000598ED /* Main.storyboard in Resources */ = {isa = PBXBuildFile; fileRef = CD5C269428BFA060000598ED /* Main.storyboard */; };
		CD5C269828BFA062000598ED /* Assets.xcassets in Resources */ = {isa = PBXBuildFile; fileRef = CD5C269728BFA062000598ED /* Assets.xcassets */; };
		CD5C269B28BFA062000598ED /* LaunchScreen.storyboard in Resources */ = {isa = PBXBuildFile; fileRef = CD5C269928BFA062000598ED /* LaunchScreen.storyboard */; };
		CD5C26AA28C0D788000598ED /* HomeViewController.swift in Sources */ = {isa = PBXBuildFile; fileRef = CD5C26A928C0D788000598ED /* HomeViewController.swift */; };
		CD609EA828DB5444002F3E83 /* WelcomeViewController.swift in Sources */ = {isa = PBXBuildFile; fileRef = CD609EA728DB5444002F3E83 /* WelcomeViewController.swift */; };
		CD609EAA28DB545E002F3E83 /* RegisterViewController.swift in Sources */ = {isa = PBXBuildFile; fileRef = CD609EA928DB545E002F3E83 /* RegisterViewController.swift */; };
		CD609EAC28E33539002F3E83 /* SplashViewController.swift in Sources */ = {isa = PBXBuildFile; fileRef = CD609EAB28E33539002F3E83 /* SplashViewController.swift */; };
		CD672AC528F6EDE8004A14E0 /* OrderModel.swift in Sources */ = {isa = PBXBuildFile; fileRef = CD672AC428F6EDE8004A14E0 /* OrderModel.swift */; };
		CD9B69F828F84F14009E15AA /* OrderManager.swift in Sources */ = {isa = PBXBuildFile; fileRef = CD9B69F728F84F14009E15AA /* OrderManager.swift */; };
		CDD5E7FD28F35C89004C7DE0 /* DummyData.swift in Sources */ = {isa = PBXBuildFile; fileRef = CDD5E7FC28F35C89004C7DE0 /* DummyData.swift */; };
		CDD5E7FF28F41CF6004C7DE0 /* OrderElement.swift in Sources */ = {isa = PBXBuildFile; fileRef = CDD5E7FE28F41CF6004C7DE0 /* OrderElement.swift */; };
/* End PBXBuildFile section */

/* Begin PBXFileReference section */
		3799482FC7B8F06289BFB434 /* Pods-Homework1.release.xcconfig */ = {isa = PBXFileReference; includeInIndex = 1; lastKnownFileType = text.xcconfig; name = "Pods-Homework1.release.xcconfig"; path = "Target Support Files/Pods-Homework1/Pods-Homework1.release.xcconfig"; sourceTree = "<group>"; };
		82511A2C2901729D00F79F2F /* SettingsViewController.swift */ = {isa = PBXFileReference; lastKnownFileType = sourcecode.swift; path = SettingsViewController.swift; sourceTree = "<group>"; };
		82511A2E2907DF9700F79F2F /* MyAccountViewController.swift */ = {isa = PBXFileReference; lastKnownFileType = sourcecode.swift; path = MyAccountViewController.swift; sourceTree = "<group>"; };
		826D95942900243F00B6AB12 /* GoogleService-Info.plist */ = {isa = PBXFileReference; fileEncoding = 4; lastKnownFileType = text.plist.xml; path = "GoogleService-Info.plist"; sourceTree = "<group>"; };
		8789617C5F103F62F56E7E98 /* Pods-Homework1.debug.xcconfig */ = {isa = PBXFileReference; includeInIndex = 1; lastKnownFileType = text.xcconfig; name = "Pods-Homework1.debug.xcconfig"; path = "Target Support Files/Pods-Homework1/Pods-Homework1.debug.xcconfig"; sourceTree = "<group>"; };
		CD37F71328EF9B050056EA2E /* OrderCell.swift */ = {isa = PBXFileReference; lastKnownFileType = sourcecode.swift; path = OrderCell.swift; sourceTree = "<group>"; };
		CD37F71428EF9B050056EA2E /* OrderCell.xib */ = {isa = PBXFileReference; lastKnownFileType = file.xib; path = OrderCell.xib; sourceTree = "<group>"; };
		CD5C268B28BFA060000598ED /* Homework1.app */ = {isa = PBXFileReference; explicitFileType = wrapper.application; includeInIndex = 0; path = Homework1.app; sourceTree = BUILT_PRODUCTS_DIR; };
		CD5C268E28BFA060000598ED /* AppDelegate.swift */ = {isa = PBXFileReference; lastKnownFileType = sourcecode.swift; path = AppDelegate.swift; sourceTree = "<group>"; };
		CD5C269028BFA060000598ED /* SceneDelegate.swift */ = {isa = PBXFileReference; lastKnownFileType = sourcecode.swift; path = SceneDelegate.swift; sourceTree = "<group>"; };
		CD5C269228BFA060000598ED /* ViewController.swift */ = {isa = PBXFileReference; lastKnownFileType = sourcecode.swift; path = ViewController.swift; sourceTree = "<group>"; };
		CD5C269528BFA060000598ED /* Base */ = {isa = PBXFileReference; lastKnownFileType = file.storyboard; name = Base; path = Base.lproj/Main.storyboard; sourceTree = "<group>"; };
		CD5C269728BFA062000598ED /* Assets.xcassets */ = {isa = PBXFileReference; lastKnownFileType = folder.assetcatalog; path = Assets.xcassets; sourceTree = "<group>"; };
		CD5C269A28BFA062000598ED /* Base */ = {isa = PBXFileReference; lastKnownFileType = file.storyboard; name = Base; path = Base.lproj/LaunchScreen.storyboard; sourceTree = "<group>"; };
		CD5C269C28BFA062000598ED /* Info.plist */ = {isa = PBXFileReference; lastKnownFileType = text.plist.xml; path = Info.plist; sourceTree = "<group>"; };
		CD5C26A928C0D788000598ED /* HomeViewController.swift */ = {isa = PBXFileReference; lastKnownFileType = sourcecode.swift; path = HomeViewController.swift; sourceTree = "<group>"; };
		CD609EA728DB5444002F3E83 /* WelcomeViewController.swift */ = {isa = PBXFileReference; lastKnownFileType = sourcecode.swift; path = WelcomeViewController.swift; sourceTree = "<group>"; };
		CD609EA928DB545E002F3E83 /* RegisterViewController.swift */ = {isa = PBXFileReference; lastKnownFileType = sourcecode.swift; path = RegisterViewController.swift; sourceTree = "<group>"; };
		CD609EAB28E33539002F3E83 /* SplashViewController.swift */ = {isa = PBXFileReference; lastKnownFileType = sourcecode.swift; path = SplashViewController.swift; sourceTree = "<group>"; };
		CD672AC428F6EDE8004A14E0 /* OrderModel.swift */ = {isa = PBXFileReference; lastKnownFileType = sourcecode.swift; path = OrderModel.swift; sourceTree = "<group>"; };
		CD9B69F728F84F14009E15AA /* OrderManager.swift */ = {isa = PBXFileReference; lastKnownFileType = sourcecode.swift; path = OrderManager.swift; sourceTree = "<group>"; };
		CDD5E7FC28F35C89004C7DE0 /* DummyData.swift */ = {isa = PBXFileReference; lastKnownFileType = sourcecode.swift; path = DummyData.swift; sourceTree = "<group>"; };
		CDD5E7FE28F41CF6004C7DE0 /* OrderElement.swift */ = {isa = PBXFileReference; lastKnownFileType = sourcecode.swift; path = OrderElement.swift; sourceTree = "<group>"; };
		FFF072F118F12CAEA2F43513 /* Pods_Homework1.framework */ = {isa = PBXFileReference; explicitFileType = wrapper.framework; includeInIndex = 0; path = Pods_Homework1.framework; sourceTree = BUILT_PRODUCTS_DIR; };
/* End PBXFileReference section */

/* Begin PBXFrameworksBuildPhase section */
		CD5C268828BFA060000598ED /* Frameworks */ = {
			isa = PBXFrameworksBuildPhase;
			buildActionMask = 2147483647;
			files = (
				ACD9D9EF349D3859DBA387B8 /* Pods_Homework1.framework in Frameworks */,
			);
			runOnlyForDeploymentPostprocessing = 0;
		};
/* End PBXFrameworksBuildPhase section */

/* Begin PBXGroup section */
		55ACCB539CDCDB2B035DFFDB /* Pods */ = {
			isa = PBXGroup;
			children = (
				8789617C5F103F62F56E7E98 /* Pods-Homework1.debug.xcconfig */,
				3799482FC7B8F06289BFB434 /* Pods-Homework1.release.xcconfig */,
			);
			path = Pods;
			sourceTree = "<group>";
		};
		C756A6A24590A85121D1D249 /* Frameworks */ = {
			isa = PBXGroup;
			children = (
				FFF072F118F12CAEA2F43513 /* Pods_Homework1.framework */,
			);
			name = Frameworks;
			sourceTree = "<group>";
		};
		CD5C268228BFA060000598ED = {
			isa = PBXGroup;
			children = (
				CD5C268D28BFA060000598ED /* Homework1 */,
				CD5C268C28BFA060000598ED /* Products */,
				55ACCB539CDCDB2B035DFFDB /* Pods */,
				C756A6A24590A85121D1D249 /* Frameworks */,
			);
			sourceTree = "<group>";
		};
		CD5C268C28BFA060000598ED /* Products */ = {
			isa = PBXGroup;
			children = (
				CD5C268B28BFA060000598ED /* Homework1.app */,
			);
			name = Products;
			sourceTree = "<group>";
		};
		CD5C268D28BFA060000598ED /* Homework1 */ = {
			isa = PBXGroup;
			children = (
				CD5C26A328C0D291000598ED /* View */,
				CD5C26A228C0D281000598ED /* Model */,
				CD5C26A428C0D2AE000598ED /* Controller */,
				CD5C268E28BFA060000598ED /* AppDelegate.swift */,
				CD5C269028BFA060000598ED /* SceneDelegate.swift */,
				CD5C269728BFA062000598ED /* Assets.xcassets */,
				CD5C269928BFA062000598ED /* LaunchScreen.storyboard */,
				CD5C269C28BFA062000598ED /* Info.plist */,
				826D95942900243F00B6AB12 /* GoogleService-Info.plist */,
			);
			path = Homework1;
			sourceTree = "<group>";
		};
		CD5C26A228C0D281000598ED /* Model */ = {
			isa = PBXGroup;
			children = (
				CDD5E7FE28F41CF6004C7DE0 /* OrderElement.swift */,
				CDD5E7FC28F35C89004C7DE0 /* DummyData.swift */,
				CD672AC428F6EDE8004A14E0 /* OrderModel.swift */,
				CD9B69F728F84F14009E15AA /* OrderManager.swift */,
			);
			path = Model;
			sourceTree = "<group>";
		};
		CD5C26A328C0D291000598ED /* View */ = {
			isa = PBXGroup;
			children = (
				CD5C269428BFA060000598ED /* Main.storyboard */,
				CD37F71328EF9B050056EA2E /* OrderCell.swift */,
				CD37F71428EF9B050056EA2E /* OrderCell.xib */,
			);
			path = View;
			sourceTree = "<group>";
		};
		CD5C26A428C0D2AE000598ED /* Controller */ = {
			isa = PBXGroup;
			children = (
				CD5C269228BFA060000598ED /* ViewController.swift */,
				CD5C26A928C0D788000598ED /* HomeViewController.swift */,
				CD609EA728DB5444002F3E83 /* WelcomeViewController.swift */,
				CD609EA928DB545E002F3E83 /* RegisterViewController.swift */,
				CD609EAB28E33539002F3E83 /* SplashViewController.swift */,
				82511A2C2901729D00F79F2F /* SettingsViewController.swift */,
				82511A2E2907DF9700F79F2F /* MyAccountViewController.swift */,
			);
			path = Controller;
			sourceTree = "<group>";
		};
/* End PBXGroup section */

/* Begin PBXNativeTarget section */
		CD5C268A28BFA060000598ED /* Homework1 */ = {
			isa = PBXNativeTarget;
			buildConfigurationList = CD5C269F28BFA062000598ED /* Build configuration list for PBXNativeTarget "Homework1" */;
			buildPhases = (
				5FAC39156A3A8C245F8762E3 /* [CP] Check Pods Manifest.lock */,
				CD5C268728BFA060000598ED /* Sources */,
				CD5C268828BFA060000598ED /* Frameworks */,
				CD5C268928BFA060000598ED /* Resources */,
				2FE8E572DD57A7B4902FA3BD /* [CP] Embed Pods Frameworks */,
			);
			buildRules = (
			);
			dependencies = (
			);
			name = Homework1;
			productName = Homework1;
			productReference = CD5C268B28BFA060000598ED /* Homework1.app */;
			productType = "com.apple.product-type.application";
		};
/* End PBXNativeTarget section */

/* Begin PBXProject section */
		CD5C268328BFA060000598ED /* Project object */ = {
			isa = PBXProject;
			attributes = {
				BuildIndependentTargetsInParallel = 1;
				LastSwiftUpdateCheck = 1340;
				LastUpgradeCheck = 1340;
				TargetAttributes = {
					CD5C268A28BFA060000598ED = {
						CreatedOnToolsVersion = 13.4.1;
					};
				};
			};
			buildConfigurationList = CD5C268628BFA060000598ED /* Build configuration list for PBXProject "Homework1" */;
			compatibilityVersion = "Xcode 13.0";
			developmentRegion = en;
			hasScannedForEncodings = 0;
			knownRegions = (
				en,
				Base,
			);
			mainGroup = CD5C268228BFA060000598ED;
			productRefGroup = CD5C268C28BFA060000598ED /* Products */;
			projectDirPath = "";
			projectRoot = "";
			targets = (
				CD5C268A28BFA060000598ED /* Homework1 */,
			);
		};
/* End PBXProject section */

/* Begin PBXResourcesBuildPhase section */
		CD5C268928BFA060000598ED /* Resources */ = {
			isa = PBXResourcesBuildPhase;
			buildActionMask = 2147483647;
			files = (
				CD37F71628EF9B050056EA2E /* OrderCell.xib in Resources */,
				CD5C269B28BFA062000598ED /* LaunchScreen.storyboard in Resources */,
				826D95952900243F00B6AB12 /* GoogleService-Info.plist in Resources */,
				CD5C269828BFA062000598ED /* Assets.xcassets in Resources */,
				CD5C269628BFA060000598ED /* Main.storyboard in Resources */,
			);
			runOnlyForDeploymentPostprocessing = 0;
		};
/* End PBXResourcesBuildPhase section */

/* Begin PBXShellScriptBuildPhase section */
		2FE8E572DD57A7B4902FA3BD /* [CP] Embed Pods Frameworks */ = {
			isa = PBXShellScriptBuildPhase;
			buildActionMask = 2147483647;
			files = (
			);
			inputFileListPaths = (
				"${PODS_ROOT}/Target Support Files/Pods-Homework1/Pods-Homework1-frameworks-${CONFIGURATION}-input-files.xcfilelist",
			);
			name = "[CP] Embed Pods Frameworks";
			outputFileListPaths = (
				"${PODS_ROOT}/Target Support Files/Pods-Homework1/Pods-Homework1-frameworks-${CONFIGURATION}-output-files.xcfilelist",
			);
			runOnlyForDeploymentPostprocessing = 0;
			shellPath = /bin/sh;
			shellScript = "\"${PODS_ROOT}/Target Support Files/Pods-Homework1/Pods-Homework1-frameworks.sh\"\n";
			showEnvVarsInLog = 0;
		};
		5FAC39156A3A8C245F8762E3 /* [CP] Check Pods Manifest.lock */ = {
			isa = PBXShellScriptBuildPhase;
			buildActionMask = 2147483647;
			files = (
			);
			inputFileListPaths = (
			);
			inputPaths = (
				"${PODS_PODFILE_DIR_PATH}/Podfile.lock",
				"${PODS_ROOT}/Manifest.lock",
			);
			name = "[CP] Check Pods Manifest.lock";
			outputFileListPaths = (
			);
			outputPaths = (
				"$(DERIVED_FILE_DIR)/Pods-Homework1-checkManifestLockResult.txt",
			);
			runOnlyForDeploymentPostprocessing = 0;
			shellPath = /bin/sh;
			shellScript = "diff \"${PODS_PODFILE_DIR_PATH}/Podfile.lock\" \"${PODS_ROOT}/Manifest.lock\" > /dev/null\nif [ $? != 0 ] ; then\n    # print error to STDERR\n    echo \"error: The sandbox is not in sync with the Podfile.lock. Run 'pod install' or update your CocoaPods installation.\" >&2\n    exit 1\nfi\n# This output is used by Xcode 'outputs' to avoid re-running this script phase.\necho \"SUCCESS\" > \"${SCRIPT_OUTPUT_FILE_0}\"\n";
			showEnvVarsInLog = 0;
		};
/* End PBXShellScriptBuildPhase section */

/* Begin PBXSourcesBuildPhase section */
		CD5C268728BFA060000598ED /* Sources */ = {
			isa = PBXSourcesBuildPhase;
			buildActionMask = 2147483647;
			files = (
				CD9B69F828F84F14009E15AA /* OrderManager.swift in Sources */,
				CD5C269328BFA060000598ED /* ViewController.swift in Sources */,
				CD609EA828DB5444002F3E83 /* WelcomeViewController.swift in Sources */,
				CD5C268F28BFA060000598ED /* AppDelegate.swift in Sources */,
				CD672AC528F6EDE8004A14E0 /* OrderModel.swift in Sources */,
				CDD5E7FD28F35C89004C7DE0 /* DummyData.swift in Sources */,
				CD609EAA28DB545E002F3E83 /* RegisterViewController.swift in Sources */,
				CD5C269128BFA060000598ED /* SceneDelegate.swift in Sources */,
				CDD5E7FF28F41CF6004C7DE0 /* OrderElement.swift in Sources */,
				CD609EAC28E33539002F3E83 /* SplashViewController.swift in Sources */,
				82511A2F2907DF9700F79F2F /* MyAccountViewController.swift in Sources */,
				82511A2D2901729D00F79F2F /* SettingsViewController.swift in Sources */,
				CD37F71528EF9B050056EA2E /* OrderCell.swift in Sources */,
				CD5C26AA28C0D788000598ED /* HomeViewController.swift in Sources */,
			);
			runOnlyForDeploymentPostprocessing = 0;
		};
/* End PBXSourcesBuildPhase section */

/* Begin PBXVariantGroup section */
		CD5C269428BFA060000598ED /* Main.storyboard */ = {
			isa = PBXVariantGroup;
			children = (
				CD5C269528BFA060000598ED /* Base */,
			);
			name = Main.storyboard;
			sourceTree = "<group>";
		};
		CD5C269928BFA062000598ED /* LaunchScreen.storyboard */ = {
			isa = PBXVariantGroup;
			children = (
				CD5C269A28BFA062000598ED /* Base */,
			);
			name = LaunchScreen.storyboard;
			sourceTree = "<group>";
		};
/* End PBXVariantGroup section */

/* Begin XCBuildConfiguration section */
		CD5C269D28BFA062000598ED /* Debug */ = {
			isa = XCBuildConfiguration;
			buildSettings = {
				ALWAYS_SEARCH_USER_PATHS = NO;
				CLANG_ANALYZER_NONNULL = YES;
				CLANG_ANALYZER_NUMBER_OBJECT_CONVERSION = YES_AGGRESSIVE;
				CLANG_CXX_LANGUAGE_STANDARD = "gnu++17";
				CLANG_ENABLE_MODULES = YES;
				CLANG_ENABLE_OBJC_ARC = YES;
				CLANG_ENABLE_OBJC_WEAK = YES;
				CLANG_WARN_BLOCK_CAPTURE_AUTORELEASING = YES;
				CLANG_WARN_BOOL_CONVERSION = YES;
				CLANG_WARN_COMMA = YES;
				CLANG_WARN_CONSTANT_CONVERSION = YES;
				CLANG_WARN_DEPRECATED_OBJC_IMPLEMENTATIONS = YES;
				CLANG_WARN_DIRECT_OBJC_ISA_USAGE = YES_ERROR;
				CLANG_WARN_DOCUMENTATION_COMMENTS = YES;
				CLANG_WARN_EMPTY_BODY = YES;
				CLANG_WARN_ENUM_CONVERSION = YES;
				CLANG_WARN_INFINITE_RECURSION = YES;
				CLANG_WARN_INT_CONVERSION = YES;
				CLANG_WARN_NON_LITERAL_NULL_CONVERSION = YES;
				CLANG_WARN_OBJC_IMPLICIT_RETAIN_SELF = YES;
				CLANG_WARN_OBJC_LITERAL_CONVERSION = YES;
				CLANG_WARN_OBJC_ROOT_CLASS = YES_ERROR;
				CLANG_WARN_QUOTED_INCLUDE_IN_FRAMEWORK_HEADER = YES;
				CLANG_WARN_RANGE_LOOP_ANALYSIS = YES;
				CLANG_WARN_STRICT_PROTOTYPES = YES;
				CLANG_WARN_SUSPICIOUS_MOVE = YES;
				CLANG_WARN_UNGUARDED_AVAILABILITY = YES_AGGRESSIVE;
				CLANG_WARN_UNREACHABLE_CODE = YES;
				CLANG_WARN__DUPLICATE_METHOD_MATCH = YES;
				COPY_PHASE_STRIP = NO;
				DEBUG_INFORMATION_FORMAT = dwarf;
				ENABLE_STRICT_OBJC_MSGSEND = YES;
				ENABLE_TESTABILITY = YES;
				GCC_C_LANGUAGE_STANDARD = gnu11;
				GCC_DYNAMIC_NO_PIC = NO;
				GCC_NO_COMMON_BLOCKS = YES;
				GCC_OPTIMIZATION_LEVEL = 0;
				GCC_PREPROCESSOR_DEFINITIONS = (
					"DEBUG=1",
					"$(inherited)",
				);
				GCC_WARN_64_TO_32_BIT_CONVERSION = YES;
				GCC_WARN_ABOUT_RETURN_TYPE = YES_ERROR;
				GCC_WARN_UNDECLARED_SELECTOR = YES;
				GCC_WARN_UNINITIALIZED_AUTOS = YES_AGGRESSIVE;
				GCC_WARN_UNUSED_FUNCTION = YES;
				GCC_WARN_UNUSED_VARIABLE = YES;
				IPHONEOS_DEPLOYMENT_TARGET = 15.5;
				MTL_ENABLE_DEBUG_INFO = INCLUDE_SOURCE;
				MTL_FAST_MATH = YES;
				ONLY_ACTIVE_ARCH = YES;
				SDKROOT = iphoneos;
				SWIFT_ACTIVE_COMPILATION_CONDITIONS = DEBUG;
				SWIFT_OPTIMIZATION_LEVEL = "-Onone";
			};
			name = Debug;
		};
		CD5C269E28BFA062000598ED /* Release */ = {
			isa = XCBuildConfiguration;
			buildSettings = {
				ALWAYS_SEARCH_USER_PATHS = NO;
				CLANG_ANALYZER_NONNULL = YES;
				CLANG_ANALYZER_NUMBER_OBJECT_CONVERSION = YES_AGGRESSIVE;
				CLANG_CXX_LANGUAGE_STANDARD = "gnu++17";
				CLANG_ENABLE_MODULES = YES;
				CLANG_ENABLE_OBJC_ARC = YES;
				CLANG_ENABLE_OBJC_WEAK = YES;
				CLANG_WARN_BLOCK_CAPTURE_AUTORELEASING = YES;
				CLANG_WARN_BOOL_CONVERSION = YES;
				CLANG_WARN_COMMA = YES;
				CLANG_WARN_CONSTANT_CONVERSION = YES;
				CLANG_WARN_DEPRECATED_OBJC_IMPLEMENTATIONS = YES;
				CLANG_WARN_DIRECT_OBJC_ISA_USAGE = YES_ERROR;
				CLANG_WARN_DOCUMENTATION_COMMENTS = YES;
				CLANG_WARN_EMPTY_BODY = YES;
				CLANG_WARN_ENUM_CONVERSION = YES;
				CLANG_WARN_INFINITE_RECURSION = YES;
				CLANG_WARN_INT_CONVERSION = YES;
				CLANG_WARN_NON_LITERAL_NULL_CONVERSION = YES;
				CLANG_WARN_OBJC_IMPLICIT_RETAIN_SELF = YES;
				CLANG_WARN_OBJC_LITERAL_CONVERSION = YES;
				CLANG_WARN_OBJC_ROOT_CLASS = YES_ERROR;
				CLANG_WARN_QUOTED_INCLUDE_IN_FRAMEWORK_HEADER = YES;
				CLANG_WARN_RANGE_LOOP_ANALYSIS = YES;
				CLANG_WARN_STRICT_PROTOTYPES = YES;
				CLANG_WARN_SUSPICIOUS_MOVE = YES;
				CLANG_WARN_UNGUARDED_AVAILABILITY = YES_AGGRESSIVE;
				CLANG_WARN_UNREACHABLE_CODE = YES;
				CLANG_WARN__DUPLICATE_METHOD_MATCH = YES;
				COPY_PHASE_STRIP = NO;
				DEBUG_INFORMATION_FORMAT = "dwarf-with-dsym";
				ENABLE_NS_ASSERTIONS = NO;
				ENABLE_STRICT_OBJC_MSGSEND = YES;
				GCC_C_LANGUAGE_STANDARD = gnu11;
				GCC_NO_COMMON_BLOCKS = YES;
				GCC_WARN_64_TO_32_BIT_CONVERSION = YES;
				GCC_WARN_ABOUT_RETURN_TYPE = YES_ERROR;
				GCC_WARN_UNDECLARED_SELECTOR = YES;
				GCC_WARN_UNINITIALIZED_AUTOS = YES_AGGRESSIVE;
				GCC_WARN_UNUSED_FUNCTION = YES;
				GCC_WARN_UNUSED_VARIABLE = YES;
				IPHONEOS_DEPLOYMENT_TARGET = 15.5;
				MTL_ENABLE_DEBUG_INFO = NO;
				MTL_FAST_MATH = YES;
				SDKROOT = iphoneos;
				SWIFT_COMPILATION_MODE = wholemodule;
				SWIFT_OPTIMIZATION_LEVEL = "-O";
				VALIDATE_PRODUCT = YES;
			};
			name = Release;
		};
		CD5C26A028BFA062000598ED /* Debug */ = {
			isa = XCBuildConfiguration;
			baseConfigurationReference = 8789617C5F103F62F56E7E98 /* Pods-Homework1.debug.xcconfig */;
			buildSettings = {
				ASSETCATALOG_COMPILER_APPICON_NAME = AppIcon;
				ASSETCATALOG_COMPILER_GLOBAL_ACCENT_COLOR_NAME = AccentColor;
				CODE_SIGN_STYLE = Automatic;
				CURRENT_PROJECT_VERSION = 1;
				GENERATE_INFOPLIST_FILE = YES;
				INFOPLIST_FILE = Homework1/Info.plist;
				INFOPLIST_KEY_UIApplicationSupportsIndirectInputEvents = YES;
				INFOPLIST_KEY_UILaunchStoryboardName = LaunchScreen;
				INFOPLIST_KEY_UIMainStoryboardFile = Main;
				INFOPLIST_KEY_UISupportedInterfaceOrientations_iPad = "UIInterfaceOrientationPortrait UIInterfaceOrientationPortraitUpsideDown UIInterfaceOrientationLandscapeLeft UIInterfaceOrientationLandscapeRight";
				INFOPLIST_KEY_UISupportedInterfaceOrientations_iPhone = "UIInterfaceOrientationPortrait UIInterfaceOrientationLandscapeLeft UIInterfaceOrientationLandscapeRight";
				LD_RUNPATH_SEARCH_PATHS = (
					"$(inherited)",
					"@executable_path/Frameworks",
				);
				MARKETING_VERSION = 1.0;
				PRODUCT_BUNDLE_IDENTIFIER = "com-rinaSh.Homework1";
				PRODUCT_NAME = "$(TARGET_NAME)";
				SWIFT_EMIT_LOC_STRINGS = YES;
				SWIFT_VERSION = 5.0;
				TARGETED_DEVICE_FAMILY = "1,2";
			};
			name = Debug;
		};
		CD5C26A128BFA062000598ED /* Release */ = {
			isa = XCBuildConfiguration;
			baseConfigurationReference = 3799482FC7B8F06289BFB434 /* Pods-Homework1.release.xcconfig */;
			buildSettings = {
				ASSETCATALOG_COMPILER_APPICON_NAME = AppIcon;
				ASSETCATALOG_COMPILER_GLOBAL_ACCENT_COLOR_NAME = AccentColor;
				CODE_SIGN_STYLE = Automatic;
				CURRENT_PROJECT_VERSION = 1;
				GENERATE_INFOPLIST_FILE = YES;
				INFOPLIST_FILE = Homework1/Info.plist;
				INFOPLIST_KEY_UIApplicationSupportsIndirectInputEvents = YES;
				INFOPLIST_KEY_UILaunchStoryboardName = LaunchScreen;
				INFOPLIST_KEY_UIMainStoryboardFile = Main;
				INFOPLIST_KEY_UISupportedInterfaceOrientations_iPad = "UIInterfaceOrientationPortrait UIInterfaceOrientationPortraitUpsideDown UIInterfaceOrientationLandscapeLeft UIInterfaceOrientationLandscapeRight";
				INFOPLIST_KEY_UISupportedInterfaceOrientations_iPhone = "UIInterfaceOrientationPortrait UIInterfaceOrientationLandscapeLeft UIInterfaceOrientationLandscapeRight";
				LD_RUNPATH_SEARCH_PATHS = (
					"$(inherited)",
					"@executable_path/Frameworks",
				);
				MARKETING_VERSION = 1.0;
				PRODUCT_BUNDLE_IDENTIFIER = "com-rinaSh.Homework1";
				PRODUCT_NAME = "$(TARGET_NAME)";
				SWIFT_EMIT_LOC_STRINGS = YES;
				SWIFT_VERSION = 5.0;
				TARGETED_DEVICE_FAMILY = "1,2";
			};
			name = Release;
		};
/* End XCBuildConfiguration section */

/* Begin XCConfigurationList section */
		CD5C268628BFA060000598ED /* Build configuration list for PBXProject "Homework1" */ = {
			isa = XCConfigurationList;
			buildConfigurations = (
				CD5C269D28BFA062000598ED /* Debug */,
				CD5C269E28BFA062000598ED /* Release */,
			);
			defaultConfigurationIsVisible = 0;
			defaultConfigurationName = Release;
		};
		CD5C269F28BFA062000598ED /* Build configuration list for PBXNativeTarget "Homework1" */ = {
			isa = XCConfigurationList;
			buildConfigurations = (
				CD5C26A028BFA062000598ED /* Debug */,
				CD5C26A128BFA062000598ED /* Release */,
			);
			defaultConfigurationIsVisible = 0;
			defaultConfigurationName = Release;
		};
/* End XCConfigurationList section */
	};
	rootObject = CD5C268328BFA060000598ED /* Project object */;
}
